
Microsoft Visual Studio Solution File, Format Version 12.00
# Visual Studio Version 17
VisualStudioVersion = 17.7.34024.191
MinimumVisualStudioVersion = 10.0.40219.1
Project("{FAE04EC0-301F-11D3-BF4B-00C04F79EFBC}") = "ejercicio 2 U5", "ejercicio 2 U5\ejercicio 2 U5.csproj", "{35C14A16-DAC9-4501-96A8-0521972F587D}"
EndProject
Global
	GlobalSection(SolutionConfigurationPlatforms) = preSolution
		Debug|Any CPU = Debug|Any CPU
		Release|Any CPU = Release|Any CPU
	EndGlobalSection
	GlobalSection(ProjectConfigurationPlatforms) = postSolution
		{35C14A16-DAC9-4501-96A8-0521972F587D}.Debug|Any CPU.ActiveCfg = Debug|Any CPU
		{35C14A16-DAC9-4501-96A8-0521972F587D}.Debug|Any CPU.Build.0 = Debug|Any CPU
		{35C14A16-DAC9-4501-96A8-0521972F587D}.Release|Any CPU.ActiveCfg = Release|Any CPU
		{35C14A16-DAC9-4501-96A8-0521972F587D}.Release|Any CPU.Build.0 = Release|Any CPU
	EndGlobalSection
	GlobalSection(SolutionProperties) = preSolution
		HideSolutionNode = FALSE
	EndGlobalSection
	GlobalSection(ExtensibilityGlobals) = postSolution
		SolutionGuid = {F1C7F203-86AE-4CA7-8577-2B4FE408776F}
	EndGlobalSection
EndGlobal
